
Microsoft Visual Studio Solution File, Format Version 12.00
# Visual Studio Version 16
VisualStudioVersion = 16.0.31424.327
MinimumVisualStudioVersion = 10.0.40219.1
Project("{FAE04EC0-301F-11D3-BF4B-00C04F79EFBC}") = "Dima_demo_1_0_by14092022", "Dima_demo_1.0_by14092022\Dima_demo_1_0_by14092022.csproj", "{FF807645-3EEC-498D-9A2C-191D9659ED47}"
EndProject
Project("{FAE04EC0-301F-11D3-BF4B-00C04F79EFBC}") = "TestProject1", "TestProject1\TestProject1.csproj", "{5A5ECC08-6920-4E78-A9F5-7DC410C1E1B0}"
EndProject
Global
	GlobalSection(SolutionConfigurationPlatforms) = preSolution
		Debug|Any CPU = Debug|Any CPU
		Release|Any CPU = Release|Any CPU
	EndGlobalSection
	GlobalSection(ProjectConfigurationPlatforms) = postSolution
		{FF807645-3EEC-498D-9A2C-191D9659ED47}.Debug|Any CPU.ActiveCfg = Debug|Any CPU
		{FF807645-3EEC-498D-9A2C-191D9659ED47}.Debug|Any CPU.Build.0 = Debug|Any CPU
		{FF807645-3EEC-498D-9A2C-191D9659ED47}.Release|Any CPU.ActiveCfg = Release|Any CPU
		{FF807645-3EEC-498D-9A2C-191D9659ED47}.Release|Any CPU.Build.0 = Release|Any CPU
		{5A5ECC08-6920-4E78-A9F5-7DC410C1E1B0}.Debug|Any CPU.ActiveCfg = Debug|Any CPU
		{5A5ECC08-6920-4E78-A9F5-7DC410C1E1B0}.Debug|Any CPU.Build.0 = Debug|Any CPU
		{5A5ECC08-6920-4E78-A9F5-7DC410C1E1B0}.Release|Any CPU.ActiveCfg = Release|Any CPU
		{5A5ECC08-6920-4E78-A9F5-7DC410C1E1B0}.Release|Any CPU.Build.0 = Release|Any CPU
	EndGlobalSection
	GlobalSection(SolutionProperties) = preSolution
		HideSolutionNode = FALSE
	EndGlobalSection
	GlobalSection(ExtensibilityGlobals) = postSolution
		SolutionGuid = {6896B1E8-9EE6-47DD-8760-65E40C690CD4}
	EndGlobalSection
EndGlobal
